
Microsoft Visual Studio Solution File, Format Version 12.00
# Visual Studio 15
VisualStudioVersion = 15.0.27428.2015
MinimumVisualStudioVersion = 10.0.40219.1
Project("{FAE04EC0-301F-11D3-BF4B-00C04F79EFBC}") = "AndysCalculatorApp", "AndysCalculatorApp\AndysCalculatorApp.csproj", "{4646ADB3-37EA-4DF3-A0D5-AA88220A58CD}"
EndProject
Global
	GlobalSection(SolutionConfigurationPlatforms) = preSolution
		Debug|Any CPU = Debug|Any CPU
		Release|Any CPU = Release|Any CPU
	EndGlobalSection
	GlobalSection(ProjectConfigurationPlatforms) = postSolution
		{4646ADB3-37EA-4DF3-A0D5-AA88220A58CD}.Debug|Any CPU.ActiveCfg = Debug|Any CPU
		{4646ADB3-37EA-4DF3-A0D5-AA88220A58CD}.Debug|Any CPU.Build.0 = Debug|Any CPU
		{4646ADB3-37EA-4DF3-A0D5-AA88220A58CD}.Release|Any CPU.ActiveCfg = Release|Any CPU
		{4646ADB3-37EA-4DF3-A0D5-AA88220A58CD}.Release|Any CPU.Build.0 = Release|Any CPU
	EndGlobalSection
	GlobalSection(SolutionProperties) = preSolution
		HideSolutionNode = FALSE
	EndGlobalSection
	GlobalSection(ExtensibilityGlobals) = postSolution
		SolutionGuid = {B6656A9E-E5E2-48A3-A6F4-C2F072AAED13}
	EndGlobalSection
EndGlobal
